<?xml version="1.0" encoding="utf-8"?>
<Project ToolsVersion="4.0" xmlns="http://schemas.microsoft.com/developer/msbuild/2003">
  <ItemGroup>
    <Filter Include="Source Files">
      <UniqueIdentifier>{4FC737F1-C7A5-4376-A066-2A32D752A2FF}</UniqueIdentifier>
      <Extensions>cpp;c;cc;cxx;def;odl;idl;hpj;bat;asm;asmx</Extensions>
    </Filter>
    <Filter Include="Header Files">
      <UniqueIdentifier>{93995380-89BD-4b04-88EB-625FBE52EBFB}</UniqueIdentifier>
      <Extensions>h;hh;hpp;hxx;hm;inl;inc;ipp;xsd</Extensions>
    </Filter>
    <Filter Include="Resource Files">
      <UniqueIdentifier>{67DA6AB6-F800-4c08-8B7A-83BB121AAD01}</UniqueIdentifier>
      <Extensions>rc;ico;cur;bmp;dlg;rc2;rct;bin;rgs;gif;jpg;jpeg;jpe;resx;tiff;tif;png;wav;mfcribbon-ms</Extensions>
    </Filter>
  </ItemGroup>
  <ItemGroup>
    <ClCompile Include="Runanubisandplot.cpp">
      <Filter>Source Files</Filter>
    </ClCompile>
    <ClCompile Include="tinyxml\tinystr.cpp">
      <Filter>Source Files</Filter>
    </ClCompile>
    <ClCompile Include="tinyxml\tinyxml.cpp">
      <Filter>Source Files</Filter>
    </ClCompile>
    <ClCompile Include="tinyxml\tinyxmlerror.cpp">
      <Filter>Source Files</Filter>
    </ClCompile>
    <ClCompile Include="tinyxml\tinyxmlparser.cpp">
      <Filter>Source Files</Filter>
    </ClCompile>
  </ItemGroup>
  <ItemGroup>
    <None Include="tinyxml\docs\annotated.html" />
    <None Include="tinyxml\docs\classes.html" />
    <None Include="tinyxml\docs\classTiXmlAttribute.html" />
    <None Include="tinyxml\docs\classTiXmlAttribute-members.html" />
    <None Include="tinyxml\docs\classTiXmlBase.html" />
    <None Include="tinyxml\docs\classTiXmlBase-members.html" />
    <None Include="tinyxml\docs\classTiXmlComment.html" />
    <None Include="tinyxml\docs\classTiXmlComment-members.html" />
    <None Include="tinyxml\docs\classTiXmlDeclaration.html" />
    <None Include="tinyxml\docs\classTiXmlDeclaration-members.html" />
    <None Include="tinyxml\docs\classTiXmlDocument.html" />
    <None Include="tinyxml\docs\classTiXmlDocument-members.html" />
    <None Include="tinyxml\docs\classTiXmlElement.html" />
    <None Include="tinyxml\docs\classTiXmlElement-members.html" />
    <None Include="tinyxml\docs\classTiXmlHandle.html" />
    <None Include="tinyxml\docs\classTiXmlHandle-members.html" />
    <None Include="tinyxml\docs\classTiXmlNode.html" />
    <None Include="tinyxml\docs\classTiXmlNode-members.html" />
    <None Include="tinyxml\docs\classTiXmlPrinter.html" />
    <None Include="tinyxml\docs\classTiXmlPrinter-members.html" />
    <None Include="tinyxml\docs\classTiXmlText.html" />
    <None Include="tinyxml\docs\classTiXmlText-members.html" />
    <None Include="tinyxml\docs\classTiXmlUnknown.html" />
    <None Include="tinyxml\docs\classTiXmlUnknown-members.html" />
    <None Include="tinyxml\docs\classTiXmlVisitor.html" />
    <None Include="tinyxml\docs\classTiXmlVisitor-members.html" />
    <None Include="tinyxml\docs\deprecated.html" />
    <None Include="tinyxml\docs\files.html" />
    <None Include="tinyxml\docs\functions.html" />
    <None Include="tinyxml\docs\functions_0x6c.html" />
    <None Include="tinyxml\docs\functions_0x6e.html" />
    <None Include="tinyxml\docs\functions_0x6f.html" />
    <None Include="tinyxml\docs\functions_0x63.html" />
    <None Include="tinyxml\docs\functions_0x64.html" />
    <None Include="tinyxml\docs\functions_0x65.html" />
    <None Include="tinyxml\docs\functions_0x66.html" />
    <None Include="tinyxml\docs\functions_0x67.html" />
    <None Include="tinyxml\docs\functions_0x69.html" />
    <None Include="tinyxml\docs\functions_0x70.html" />
    <None Include="tinyxml\docs\functions_0x71.html" />
    <None Include="tinyxml\docs\functions_0x72.html" />
    <None Include="tinyxml\docs\functions_0x73.html" />
    <None Include="tinyxml\docs\functions_0x74.html" />
    <None Include="tinyxml\docs\functions_0x75.html" />
    <None Include="tinyxml\docs\functions_0x76.html" />
    <None Include="tinyxml\docs\functions_enum.html" />
    <None Include="tinyxml\docs\functions_func.html" />
    <None Include="tinyxml\docs\functions_func_0x6c.html" />
    <None Include="tinyxml\docs\functions_func_0x6e.html" />
    <None Include="tinyxml\docs\functions_func_0x63.html" />
    <None Include="tinyxml\docs\functions_func_0x64.html" />
    <None Include="tinyxml\docs\functions_func_0x65.html" />
    <None Include="tinyxml\docs\functions_func_0x66.html" />
    <None Include="tinyxml\docs\functions_func_0x67.html" />
    <None Include="tinyxml\docs\functions_func_0x69.html" />
    <None Include="tinyxml\docs\functions_func_0x70.html" />
    <None Include="tinyxml\docs\functions_func_0x71.html" />
    <None Include="tinyxml\docs\functions_func_0x72.html" />
    <None Include="tinyxml\docs\functions_func_0x73.html" />
    <None Include="tinyxml\docs\functions_func_0x74.html" />
    <None Include="tinyxml\docs\functions_func_0x75.html" />
    <None Include="tinyxml\docs\functions_func_0x76.html" />
    <None Include="tinyxml\docs\functions_rela.html" />
    <None Include="tinyxml\docs\functions_vars.html" />
    <None Include="tinyxml\docs\hierarchy.html" />
    <None Include="tinyxml\docs\index.html" />
    <None Include="tinyxml\docs\pages.html" />
    <None Include="tinyxml\docs\tinystr_8h_source.html" />
    <None Include="tinyxml\docs\tinyxml_8h_source.html" />
    <None Include="tinyxml\docs\tutorial0.html" />
  </ItemGroup>
  <ItemGroup>
    <ClInclude Include="tinyxml\tinystr.h">
      <Filter>Header Files</Filter>
    </ClInclude>
    <ClInclude Include="tinyxml\tinyxml.h">
      <Filter>Header Files</Filter>
    </ClInclude>
  </ItemGroup>
</Project>